
Microsoft Visual Studio Solution File, Format Version 12.00
# Visual Studio Version 17
VisualStudioVersion = 17.11.35312.102
MinimumVisualStudioVersion = 10.0.40219.1
Project("{FAE04EC0-301F-11D3-BF4B-00C04F79EFBC}") = "CodeFirstRelation", "CodeFirstRelation.csproj", "{5A160A57-39FB-44AF-830B-8D42785188B6}"
EndProject
Global
	GlobalSection(SolutionConfigurationPlatforms) = preSolution
		Debug|Any CPU = Debug|Any CPU
		Release|Any CPU = Release|Any CPU
	EndGlobalSection
	GlobalSection(ProjectConfigurationPlatforms) = postSolution
		{5A160A57-39FB-44AF-830B-8D42785188B6}.Debug|Any CPU.ActiveCfg = Debug|Any CPU
		{5A160A57-39FB-44AF-830B-8D42785188B6}.Debug|Any CPU.Build.0 = Debug|Any CPU
		{5A160A57-39FB-44AF-830B-8D42785188B6}.Release|Any CPU.ActiveCfg = Release|Any CPU
		{5A160A57-39FB-44AF-830B-8D42785188B6}.Release|Any CPU.Build.0 = Release|Any CPU
	EndGlobalSection
	GlobalSection(SolutionProperties) = preSolution
		HideSolutionNode = FALSE
	EndGlobalSection
	GlobalSection(ExtensibilityGlobals) = postSolution
		SolutionGuid = {77548E7A-0588-41EC-80C4-20D636E22263}
	EndGlobalSection
EndGlobal
